
Microsoft Visual Studio Solution File, Format Version 12.00
# Visual Studio Version 17
VisualStudioVersion = 17.1.32421.90
MinimumVisualStudioVersion = 10.0.40219.1
Project("{FAE04EC0-301F-11D3-BF4B-00C04F79EFBC}") = "WebApp", "WebApp\WebApp.csproj", "{2C3F667C-D4EC-42F8-8164-8342F7AB0FB9}"
EndProject
Project("{FAE04EC0-301F-11D3-BF4B-00C04F79EFBC}") = "WebAppDB", "WebAppDB\WebAppDB.csproj", "{0AF9C2CA-FF43-47BC-83F6-9531E536D829}"
EndProject
Global
	GlobalSection(SolutionConfigurationPlatforms) = preSolution
		Debug|Any CPU = Debug|Any CPU
		Release|Any CPU = Release|Any CPU
	EndGlobalSection
	GlobalSection(ProjectConfigurationPlatforms) = postSolution
		{2C3F667C-D4EC-42F8-8164-8342F7AB0FB9}.Debug|Any CPU.ActiveCfg = Debug|Any CPU
		{2C3F667C-D4EC-42F8-8164-8342F7AB0FB9}.Debug|Any CPU.Build.0 = Debug|Any CPU
		{2C3F667C-D4EC-42F8-8164-8342F7AB0FB9}.Release|Any CPU.ActiveCfg = Release|Any CPU
		{2C3F667C-D4EC-42F8-8164-8342F7AB0FB9}.Release|Any CPU.Build.0 = Release|Any CPU
		{0AF9C2CA-FF43-47BC-83F6-9531E536D829}.Debug|Any CPU.ActiveCfg = Debug|Any CPU
		{0AF9C2CA-FF43-47BC-83F6-9531E536D829}.Debug|Any CPU.Build.0 = Debug|Any CPU
		{0AF9C2CA-FF43-47BC-83F6-9531E536D829}.Release|Any CPU.ActiveCfg = Release|Any CPU
		{0AF9C2CA-FF43-47BC-83F6-9531E536D829}.Release|Any CPU.Build.0 = Release|Any CPU
	EndGlobalSection
	GlobalSection(SolutionProperties) = preSolution
		HideSolutionNode = FALSE
	EndGlobalSection
	GlobalSection(ExtensibilityGlobals) = postSolution
		SolutionGuid = {867ECC9C-D516-4DAA-A4EB-73D9557031D1}
	EndGlobalSection
EndGlobal
